
Microsoft Visual Studio Solution File, Format Version 12.00
# Visual Studio Version 16
VisualStudioVersion = 16.0.28922.388
MinimumVisualStudioVersion = 10.0.40219.1
Project("{FAE04EC0-301F-11D3-BF4B-00C04F79EFBC}") = "KTDH_2020", "KTDH_2020.csproj", "{6754411C-6F30-4CEF-A85F-2E42ECDB6D17}"
EndProject
Project("{FAE04EC0-301F-11D3-BF4B-00C04F79EFBC}") = "KyThuatDoHoa", "..\KyThuatDoHoa\KyThuatDoHoa.csproj", "{AF2634E9-64C4-4DB4-94A4-7ED050C065C0}"
EndProject
Global
	GlobalSection(SolutionConfigurationPlatforms) = preSolution
		Debug|Any CPU = Debug|Any CPU
		Release|Any CPU = Release|Any CPU
	EndGlobalSection
	GlobalSection(ProjectConfigurationPlatforms) = postSolution
		{6754411C-6F30-4CEF-A85F-2E42ECDB6D17}.Debug|Any CPU.ActiveCfg = Debug|Any CPU
		{6754411C-6F30-4CEF-A85F-2E42ECDB6D17}.Debug|Any CPU.Build.0 = Debug|Any CPU
		{6754411C-6F30-4CEF-A85F-2E42ECDB6D17}.Release|Any CPU.ActiveCfg = Release|Any CPU
		{6754411C-6F30-4CEF-A85F-2E42ECDB6D17}.Release|Any CPU.Build.0 = Release|Any CPU
		{AF2634E9-64C4-4DB4-94A4-7ED050C065C0}.Debug|Any CPU.ActiveCfg = Debug|Any CPU
		{AF2634E9-64C4-4DB4-94A4-7ED050C065C0}.Debug|Any CPU.Build.0 = Debug|Any CPU
		{AF2634E9-64C4-4DB4-94A4-7ED050C065C0}.Release|Any CPU.ActiveCfg = Release|Any CPU
		{AF2634E9-64C4-4DB4-94A4-7ED050C065C0}.Release|Any CPU.Build.0 = Release|Any CPU
	EndGlobalSection
	GlobalSection(SolutionProperties) = preSolution
		HideSolutionNode = FALSE
	EndGlobalSection
	GlobalSection(ExtensibilityGlobals) = postSolution
		SolutionGuid = {2F8B8ADB-83DF-4FB3-AE70-17D4D7A9EBF2}
	EndGlobalSection
EndGlobal
